{
  "lockfile_version": "1",
  "packages": {
    "curl@8": {
      "last_modified": "2024-06-06T13:42:14Z",
      "resolved": "github:NixOS/nixpkgs/31f40991012489e858517ec20102f033e4653afb#curl",
      "source": "devbox-search",
      "version": "8.7.1",
      "systems": {
        "aarch64-darwin": {
          "store_path": "/nix/store/1033k8sfipzk1ly7igmawdra7lg348wb-curl-8.7.1-bin"
        },
        "aarch64-linux": {
          "store_path": "/nix/store/pj0l3422i9szhcvx2llfq4688s36sayh-curl-8.7.1-bin"
        },
        "x86_64-darwin": {
          "store_path": "/nix/store/kv9bax4w6lx30kmjdvhjmh6fr92kzxsq-curl-8.7.1-bin"
        },
        "x86_64-linux": {
          "store_path": "/nix/store/5xsp4qyik2wra2blp5am49yp7yp7wi6q-curl-8.7.1-bin"
        }
      }
    },
    "dotnet-sdk@6.0.": {
      "last_modified": "2024-06-06T04:00:50Z",
      "resolved": "github:NixOS/nixpkgs/818dbe2f96df233d2041739d6079bb616d3e5597#dotnet-sdk",
      "source": "devbox-search",
      "version": "6.0.423",
      "systems": {
        "aarch64-darwin": {
          "store_path": "/nix/store/gccyn53vg017mwn8lkl8azcj75br4r8v-dotnet-sdk-6.0.423"
        },
        "aarch64-linux": {
          "store_path": "/nix/store/apgvj6mx43i543kf1w9vwpwhdlbblw22-dotnet-sdk-6.0.423"
        },
        "x86_64-darwin": {
          "store_path": "/nix/store/khs1npmd4c6slc4sr96amgkxr7pr8dag-dotnet-sdk-6.0.423"
        },
        "x86_64-linux": {
          "store_path": "/nix/store/700gbvpl0ryjsyz6d23l7w6lxcrbv1dl-dotnet-sdk-6.0.423"
        }
      }
    },
    "go@1.21.": {
      "last_modified": "2024-06-07T15:28:25Z",
      "resolved": "github:NixOS/nixpkgs/d226935fd75012939397c83f6c385e4d6d832288#go_1_21",
      "source": "devbox-search",
      "version": "1.21.11",
      "systems": {
        "aarch64-darwin": {
          "store_path": "/nix/store/l12h01lkwgmfgck89h89ajny5jcdk5nd-go-1.21.11"
        },
        "aarch64-linux": {
          "store_path": "/nix/store/hgdvcdyhbc1g10x6db92xi5qf0ysfpp7-go-1.21.11"
        },
        "x86_64-darwin": {
          "store_path": "/nix/store/bnnawv8kk5xkjxzanklq52xd03cw2y5b-go-1.21.11"
        },
        "x86_64-linux": {
          "store_path": "/nix/store/dw0dxwi4w2g4kmmw1zcwrx9srn8yam2w-go-1.21.11"
        }
      }
    },
    "gradle_7@7.6": {
      "last_modified": "2024-05-22T06:18:38Z",
      "resolved": "github:NixOS/nixpkgs/3f316d2a50699a78afe5e77ca486ad553169061e#gradle_7",
      "source": "devbox-search",
      "version": "7.6.4",
      "systems": {
        "aarch64-darwin": {
          "store_path": "/nix/store/nh48xg9z07nwwgspq7w5fppm1z1rl3qx-gradle-7.6.4"
        },
        "aarch64-linux": {
          "store_path": "/nix/store/ycch5rg02mf9md0bhpr5qhmfmm5njjhp-gradle-7.6.4"
        },
        "x86_64-darwin": {
          "store_path": "/nix/store/h4ksimafg4m0ghyr0xg94ryhlys8d886-gradle-7.6.4"
        },
        "x86_64-linux": {
          "store_path": "/nix/store/74wkqsw3x9vl3dck2qi3x8am2kr62d4m-gradle-7.6.4"
        }
      }
    },
    "nodejs@20.": {
      "last_modified": "2024-05-22T06:18:38Z",
      "resolved": "github:NixOS/nixpkgs/3f316d2a50699a78afe5e77ca486ad553169061e#nodejs_20",
      "source": "devbox-search",
      "version": "20.12.2",
      "systems": {
        "aarch64-darwin": {
          "store_path": "/nix/store/bzzs4kvjyvjjhs3rj08vqpvvzmfggvbv-nodejs-20.12.2"
        },
        "aarch64-linux": {
          "store_path": "/nix/store/y50zafzgnnkrj4hvmk23icv2ggvys8r9-nodejs-20.12.2"
        },
        "x86_64-darwin": {
          "store_path": "/nix/store/l53svh1nfrcb83qbqvrrkangrcl1rr25-nodejs-20.12.2"
        },
        "x86_64-linux": {
          "store_path": "/nix/store/6g9n96qf1yx139xklnmy3v4xhjvjgsji-nodejs-20.12.2"
        }
      }
    },
    "pulumictl@latest": {
      "last_modified": "2024-05-29T10:04:41Z",
      "resolved": "github:NixOS/nixpkgs/ac82a513e55582291805d6f09d35b6d8b60637a1#pulumictl",
      "source": "devbox-search",
      "version": "0.0.46",
      "systems": {
        "aarch64-darwin": {
          "store_path": "/nix/store/dh6qdcadjlfaal1yycjcpp3aflrxnw4l-pulumictl-0.0.46"
        },
        "aarch64-linux": {
          "store_path": "/nix/store/srlxsfkn1liszqfpifpfmabcgl0vn510-pulumictl-0.0.46"
        },
        "x86_64-darwin": {
          "store_path": "/nix/store/wd99yq6r65pqy3shzlzhm9dv8n1q03c5-pulumictl-0.0.46"
        },
        "x86_64-linux": {
          "store_path": "/nix/store/j4rzqdkh9bf0xwq7pnrrk4j5vfi9l1hc-pulumictl-0.0.46"
        }
      }
    },
    "python3@3.11.8": {
      "last_modified": "2024-04-02T02:53:36Z",
      "resolved": "github:NixOS/nixpkgs/080a4a27f206d07724b88da096e27ef63401a504#python3",
      "source": "devbox-search",
      "version": "3.11.8",
      "systems": {
        "aarch64-darwin": {
          "store_path": "/nix/store/j0jaqv09421wydqmfawcnwvv2f32q86a-python3-3.11.8"
        },
        "aarch64-linux": {
          "store_path": "/nix/store/m366grr7iy3d47r7ns0p8ppx5z3ghlv6-python3-3.11.8"
        },
        "x86_64-darwin": {
          "store_path": "/nix/store/9qhyp2qkb4s5zi1vahj4bjjjmdin6jnz-python3-3.11.8"
        },
        "x86_64-linux": {
          "store_path": "/nix/store/gd3shnza1i50zn8zs04fa729ribr88m9-python3-3.11.8"
        }
      }
    },
    "yarn@latest": {
      "last_modified": "2024-05-22T06:18:38Z",
      "resolved": "github:NixOS/nixpkgs/3f316d2a50699a78afe5e77ca486ad553169061e#yarn",
      "source": "devbox-search",
      "version": "1.22.22",
      "systems": {
        "aarch64-darwin": {
          "store_path": "/nix/store/m2fiyh0393635g5vm804ady3rq0j24l4-yarn-1.22.22"
        },
        "aarch64-linux": {
          "store_path": "/nix/store/n2a5fvvhmh3gm6rljrcm8s9cpr64h0jx-yarn-1.22.22"
        },
        "x86_64-darwin": {
          "store_path": "/nix/store/dv71jl3sall5a47ak8gksnvcyd4xzry9-yarn-1.22.22"
        },
        "x86_64-linux": {
          "store_path": "/nix/store/k0d34jsjxzr7mg1c02vvbr616rb1m8nq-yarn-1.22.22"
        }
      }
    }
  }
}
